VisualStudioVersion = 16.0.31410.357
MinimumVisualStudioVersion = 10.0.40219.1
Project("{FAE04EC0-301F-11D3-BF4B-00C04F79EFBC}") = "MySuperBank", "MySuperBank\MySuperBank.csproj", "{EBBC26EB-D575-4150-8783-666417B3B009}"
EndProject
Project("{FAE04EC0-301F-11D3-BF4B-00C04F79EFBC}") = "BankyStuffLibrary", "BankyStuffLibrary\BankyStuffLibrary.csproj", "{1B30AF2E-7619-4132-B280-6D6584421915}"
EndProject
Project("{FAE04EC0-301F-11D3-BF4B-00C04F79EFBC}") = "BankingTests", "BankingTests\BankingTests.csproj", "{D359F1B8-E815-4936-9C8A-A34BB8338D38}"
EndProject
Global
	GlobalSection(SolutionConfigurationPlatforms) = preSolution
		Debug|Any CPU = Debug|Any CPU
		Release|Any CPU = Release|Any CPU
	EndGlobalSection
	GlobalSection(ProjectConfigurationPlatforms) = postSolution
		{EBBC26EB-D575-4150-8783-666417B3B009}.Debug|Any CPU.ActiveCfg = Debug|Any CPU
		{EBBC26EB-D575-4150-8783-666417B3B009}.Debug|Any CPU.Build.0 = Debug|Any CPU
		{EBBC26EB-D575-4150-8783-666417B3B009}.Release|Any CPU.ActiveCfg = Release|Any CPU
		{EBBC26EB-D575-4150-8783-666417B3B009}.Release|Any CPU.Build.0 = Release|Any CPU
		{1B30AF2E-7619-4132-B280-6D6584421915}.Debug|Any CPU.ActiveCfg = Debug|Any CPU
		{1B30AF2E-7619-4132-B280-6D6584421915}.Debug|Any CPU.Build.0 = Debug|Any CPU
		{1B30AF2E-7619-4132-B280-6D6584421915}.Release|Any CPU.ActiveCfg = Release|Any CPU
		{1B30AF2E-7619-4132-B280-6D6584421915}.Release|Any CPU.Build.0 = Release|Any CPU
		{D359F1B8-E815-4936-9C8A-A34BB8338D38}.Debug|Any CPU.ActiveCfg = Debug|Any CPU
		{D359F1B8-E815-4936-9C8A-A34BB8338D38}.Debug|Any CPU.Build.0 = Debug|Any CPU
		{D359F1B8-E815-4936-9C8A-A34BB8338D38}.Release|Any CPU.ActiveCfg = Release|Any CPU
		{D359F1B8-E815-4936-9C8A-A34BB8338D38}.Release|Any CPU.Build.0 = Release|Any CPU
	EndGlobalSection
	GlobalSection(SolutionProperties) = preSolution
		HideSolutionNode = FALSE
	EndGlobalSection
	GlobalSection(ExtensibilityGlobals) = postSolution
		SolutionGuid = {244E9C8F-1A9E-43EC-9DB4-1A621CC54782}
	EndGlobalSection
EndGlobal
